<?xml version="1.0" encoding="utf-8"?>
<Project ToolsVersion="4.0" xmlns="http://schemas.microsoft.com/developer/msbuild/2003">
  <ItemGroup>
    <Filter Include="Common">
      <UniqueIdentifier>c2d376cd-01d3-4161-ae70-8caf697a9abf</UniqueIdentifier>
    </Filter>
    <Filter Include="Assets">
      <UniqueIdentifier>33d27b96-0970-45dd-ba5c-04a726dfdc18</UniqueIdentifier>
      <Extensions>ico;cur;bmp;dds;dlg;fbx;rct;bin;rgs;gif;jpg;jpeg;jpe;resx;tga;tiff;tif;png;wav;mfcribbon-ms</Extensions>
    </Filter>
  </ItemGroup>
  <ItemGroup>
    <ClInclude Include="pch.h" />
    <ClInclude Include="Game.h" />
    <ClInclude Include="StepTimer.h">
      <Filter>Common</Filter>
    </ClInclude>
    <ClInclude Include="DeviceResources.h">
      <Filter>Common</Filter>
    </ClInclude>
    <ClInclude Include="DebugCamera.h" />
    <ClInclude Include="GridFloor.h" />
    <ClInclude Include="ModelPart.h" />
    <ClInclude Include="Collision.h" />
    <ClInclude Include="Obj3D.h" />
    <ClInclude Include="CollisionSphere.h" />
    <ClInclude Include="DebugSphere.h" />
    <ClInclude Include="tsitPlayer.h" />
    <ClInclude Include="..\..\..\..\Don%27t Rebound\0702\Don%27t Rebound\3DPrograming_ver3-master\Math.h" />
    <ClInclude Include="..\..\Don%27t Rebound\3DPrograming_ver3-master\SpriteResources.h" />
    <ClInclude Include="..\..\Don%27t Rebound\3DPrograming_ver3-master\Barrett.h" />
    <ClInclude Include="..\..\Don%27t Rebound\3DPrograming_ver3-master\Monster.h" />
  </ItemGroup>
  <ItemGroup>
    <ClCompile Include="pch.cpp" />
    <ClCompile Include="Game.cpp" />
    <ClCompile Include="DeviceResources.cpp">
      <Filter>Common</Filter>
    </ClCompile>
    <ClCompile Include="DebugCamera.cpp" />
    <ClCompile Include="GridFloor.cpp" />
    <ClCompile Include="Obj3D.cpp" />
    <ClCompile Include="CollisionSphere.cpp" />
    <ClCompile Include="DebugSphere.cpp" />
    <ClCompile Include="tsitPlayer.cpp" />
    <ClCompile Include="..\..\Don%27t Rebound\3DPrograming_ver3-master\Barrett.cpp" />
    <ClCompile Include="..\..\Don%27t Rebound\3DPrograming_ver3-master\Math.cpp" />
    <ClCompile Include="..\..\Don%27t Rebound\3DPrograming_ver3-master\Main.cpp" />
    <ClCompile Include="..\..\Don%27t Rebound\3DPrograming_ver3-master\SpriteResources.cpp" />
    <ClCompile Include="..\..\Don%27t Rebound\3DPrograming_ver3-master\Monster.cpp" />
  </ItemGroup>
  <ItemGroup>
    <ResourceCompile Include="resource.rc" />
  </ItemGroup>
  <ItemGroup>
    <Image Include="directx.ico">
      <Filter>Assets</Filter>
    </Image>
  </ItemGroup>
  <ItemGroup>
    <Manifest Include="settings.manifest">
      <Filter>Assets</Filter>
    </Manifest>
  </ItemGroup>
</Project>